# This file was autogenerated by Stack.
# You should not edit this file by hand.
# For more information, please see the documentation at:
#   https://docs.haskellstack.org/en/stable/lock_files

packages:
- completed:
    pantry-tree:
      sha256: 5e28d84977cf7b4dc1a2f6d77b300414b00b0b8fbbda7b529c2ef3c57207bbc5
      size: 215
    hackage: data-partition-0.3.0.0@sha256:f48fc331e8165862d8dd4eabf7c7891d1a2fa02f9017a4246d6aa24f503da37d,706
  original:
    hackage: data-partition-0.3.0.0@sha256:f48fc331e8165862d8dd4eabf7c7891d1a2fa02f9017a4246d6aa24f503da37d,706
snapshots:
- completed:
    sha256: a27a5761890ade44d7dd21a5f5f93c87e60b9c063655fff835d69dd1071474f0
    size: 619163
    url: https://raw.githubusercontent.com/commercialhaskell/stackage-snapshots/master/lts/19/16.yaml
  original:
    url: https://raw.githubusercontent.com/commercialhaskell/stackage-snapshots/master/lts/19/16.yaml
