# This file was autogenerated by Stack.
# You should not edit this file by hand.
# For more information, please see the documentation at:
#   https://docs.haskellstack.org/en/stable/lock_files

packages:
- completed:
    pantry-tree:
      sha256: 5e28d84977cf7b4dc1a2f6d77b300414b00b0b8fbbda7b529c2ef3c57207bbc5
      size: 215
    hackage: data-partition-0.3.0.0@sha256:f48fc331e8165862d8dd4eabf7c7891d1a2fa02f9017a4246d6aa24f503da37d,706
  original:
    hackage: data-partition-0.3.0.0@sha256:f48fc331e8165862d8dd4eabf7c7891d1a2fa02f9017a4246d6aa24f503da37d,706
- completed:
    sha256: 5712af203f66263696fe233e367204830cb91d8bda0a34d1d38a238720febfa8
    name: llvm-hs-pretty
    size: 44973
    url: https://github.com/rumkeller/llvm-hs-pretty/archive/9492ebdd92985abb6c95e8479363a7f04a011dea.tar.gz
    pantry-tree:
      sha256: 9419fbe1a1ae6f8491481b03df6c3d054f39e1fc40459b5193765ec1dc6ce020
      size: 5223
    version: 0.9.0.0
  original:
    url: https://github.com/rumkeller/llvm-hs-pretty/archive/9492ebdd92985abb6c95e8479363a7f04a011dea.tar.gz
- completed:
    pantry-tree:
      sha256: 86fd583112db41bac5ac9ecf258ec402ad615253e9c5eabc56ec127bfb94c096
      size: 2106
    hackage: prettyprinter-1.5.1@sha256:fca87c3e2611d3499a0341a59857e9b424a23f31646e4737d535a18582284f96,5375
  original:
    hackage: prettyprinter-1.5.1@sha256:fca87c3e2611d3499a0341a59857e9b424a23f31646e4737d535a18582284f96,5375
snapshots:
- completed:
    sha256: a27a5761890ade44d7dd21a5f5f93c87e60b9c063655fff835d69dd1071474f0
    size: 619163
    url: https://raw.githubusercontent.com/commercialhaskell/stackage-snapshots/master/lts/19/16.yaml
  original:
    url: https://raw.githubusercontent.com/commercialhaskell/stackage-snapshots/master/lts/19/16.yaml
